{
  "name": "npm-deploy-blue-chan",
  "version": "1.0.0",
  "lockfileVersion": 3,
  "requires": true,
  "packages": {
    "": {
      "name": "npm-deploy-blue-chan",
      "version": "1.0.0",
      "license": "MIT",
      "dependencies": {
        "commander": "^6.1.0"
      },
      "bin": {
        "log-run": "bin/cli.js"
      }
    },
    "node_modules/commander": {
      "version": "6.2.1",
      "resolved": "https://registry.npmjs.org/commander/-/commander-6.2.1.tgz",
      "integrity": "sha512-U7VdrJFnJgo4xjrHpTzu0yrHPGImdsmD95ZlgYSEajAn2JKzDhDTPG9kBTefmObL2w/ngeZnilk+OV9CG3d7UA==",
      "engines": {
        "node": ">= 6"
      }
    }
  }
}
